
Microsoft Visual Studio Solution File, Format Version 12.00
# Visual Studio 15
VisualStudioVersion = 15.0.27428.2037
MinimumVisualStudioVersion = 10.0.40219.1
Project("{FAE04EC0-301F-11D3-BF4B-00C04F79EFBC}") = "Hasher", "Hasher\Hasher.csproj", "{2AAEA313-970B-4CD2-BE10-D6220D4FCCED}"
EndProject
Global
	GlobalSection(Performance) = preSolution
		HasPerformanceSessions = true
	EndGlobalSection
	GlobalSection(SolutionConfigurationPlatforms) = preSolution
		Debug|Any CPU = Debug|Any CPU
		Release|Any CPU = Release|Any CPU
	EndGlobalSection
	GlobalSection(ProjectConfigurationPlatforms) = postSolution
		{2AAEA313-970B-4CD2-BE10-D6220D4FCCED}.Debug|Any CPU.ActiveCfg = Debug|Any CPU
		{2AAEA313-970B-4CD2-BE10-D6220D4FCCED}.Debug|Any CPU.Build.0 = Debug|Any CPU
		{2AAEA313-970B-4CD2-BE10-D6220D4FCCED}.Release|Any CPU.ActiveCfg = Release|Any CPU
		{2AAEA313-970B-4CD2-BE10-D6220D4FCCED}.Release|Any CPU.Build.0 = Release|Any CPU
	EndGlobalSection
	GlobalSection(SolutionProperties) = preSolution
		HideSolutionNode = FALSE
	EndGlobalSection
	GlobalSection(ExtensibilityGlobals) = postSolution
		SolutionGuid = {45ADBB91-31FD-4E05-A29E-1CF766595C3D}
	EndGlobalSection
	GlobalSection(Performance) = preSolution
		HasPerformanceSessions = true
	EndGlobalSection
EndGlobal
